
Microsoft Visual Studio Solution File, Format Version 12.00
# Visual Studio Version 16
VisualStudioVersion = 16.0.30804.86
MinimumVisualStudioVersion = 10.0.40219.1
Project("{FAE04EC0-301F-11D3-BF4B-00C04F79EFBC}") = "ConsoleApp19", "ConsoleApp19.csproj", "{A7403EB8-6762-422E-A7EB-1C148CF514EC}"
EndProject
Project("{9A19103F-16F7-4668-BE54-9A1E7A4F7556}") = "fraction(3)", "fraction(3)\fraction(3).csproj", "{AB887ACA-7387-4D8E-A4D9-F72295028E82}"
EndProject
Project("{9A19103F-16F7-4668-BE54-9A1E7A4F7556}") = "sumuneven(2)", "sumuneven(2)\sumuneven(2).csproj", "{E7DB8CC0-DF47-4D38-A568-C3EA8E959199}"
EndProject
Global
	GlobalSection(SolutionConfigurationPlatforms) = preSolution
		Debug|Any CPU = Debug|Any CPU
		Release|Any CPU = Release|Any CPU
	EndGlobalSection
	GlobalSection(ProjectConfigurationPlatforms) = postSolution
		{A7403EB8-6762-422E-A7EB-1C148CF514EC}.Debug|Any CPU.ActiveCfg = Debug|Any CPU
		{A7403EB8-6762-422E-A7EB-1C148CF514EC}.Debug|Any CPU.Build.0 = Debug|Any CPU
		{A7403EB8-6762-422E-A7EB-1C148CF514EC}.Release|Any CPU.ActiveCfg = Release|Any CPU
		{A7403EB8-6762-422E-A7EB-1C148CF514EC}.Release|Any CPU.Build.0 = Release|Any CPU
		{AB887ACA-7387-4D8E-A4D9-F72295028E82}.Debug|Any CPU.ActiveCfg = Debug|Any CPU
		{AB887ACA-7387-4D8E-A4D9-F72295028E82}.Debug|Any CPU.Build.0 = Debug|Any CPU
		{AB887ACA-7387-4D8E-A4D9-F72295028E82}.Release|Any CPU.ActiveCfg = Release|Any CPU
		{AB887ACA-7387-4D8E-A4D9-F72295028E82}.Release|Any CPU.Build.0 = Release|Any CPU
		{E7DB8CC0-DF47-4D38-A568-C3EA8E959199}.Debug|Any CPU.ActiveCfg = Debug|Any CPU
		{E7DB8CC0-DF47-4D38-A568-C3EA8E959199}.Debug|Any CPU.Build.0 = Debug|Any CPU
		{E7DB8CC0-DF47-4D38-A568-C3EA8E959199}.Release|Any CPU.ActiveCfg = Release|Any CPU
		{E7DB8CC0-DF47-4D38-A568-C3EA8E959199}.Release|Any CPU.Build.0 = Release|Any CPU
	EndGlobalSection
	GlobalSection(SolutionProperties) = preSolution
		HideSolutionNode = FALSE
	EndGlobalSection
	GlobalSection(ExtensibilityGlobals) = postSolution
		SolutionGuid = {44974A1A-E20D-4ED2-929D-03EE6C9B6475}
	EndGlobalSection
EndGlobal
